// !$*UTF8*$!
{
	archiveVersion = 1;
	classes = {
	};
	objectVersion = 50;
	objects = {

/* Begin PBXBuildFile section */
		C72B6A3B2174AE3B00A62AA8 /* AppDelegate.swift in Sources */ = {isa = PBXBuildFile; fileRef = C72B6A3A2174AE3B00A62AA8 /* AppDelegate.swift */; };
		C72B6A3D2174AE3B00A62AA8 /* ViewController.swift in Sources */ = {isa = PBXBuildFile; fileRef = C72B6A3C2174AE3B00A62AA8 /* ViewController.swift */; };
		C72B6A402174AE3B00A62AA8 /* Main.storyboard in Resources */ = {isa = PBXBuildFile; fileRef = C72B6A3E2174AE3B00A62AA8 /* Main.storyboard */; };
		C72B6A422174AE3C00A62AA8 /* Assets.xcassets in Resources */ = {isa = PBXBuildFile; fileRef = C72B6A412174AE3C00A62AA8 /* Assets.xcassets */; };
		C72B6A452174AE3C00A62AA8 /* LaunchScreen.storyboard in Resources */ = {isa = PBXBuildFile; fileRef = C72B6A432174AE3C00A62AA8 /* LaunchScreen.storyboard */; };
		C72B6A542174B10600A62AA8 /* dash3.png in Resources */ = {isa = PBXBuildFile; fileRef = C72B6A4C2174B10600A62AA8 /* dash3.png */; };
		C72B6A552174B10600A62AA8 /* dash4.png in Resources */ = {isa = PBXBuildFile; fileRef = C72B6A4D2174B10600A62AA8 /* dash4.png */; };
		C72B6A562174B10600A62AA8 /* dash0.png in Resources */ = {isa = PBXBuildFile; fileRef = C72B6A4E2174B10600A62AA8 /* dash0.png */; };
		C72B6A572174B10600A62AA8 /* dash5.png in Resources */ = {isa = PBXBuildFile; fileRef = C72B6A4F2174B10600A62AA8 /* dash5.png */; };
		C72B6A582174B10600A62AA8 /* start.png in Resources */ = {isa = PBXBuildFile; fileRef = C72B6A502174B10600A62AA8 /* start.png */; };
		C72B6A592174B10600A62AA8 /* stop.png in Resources */ = {isa = PBXBuildFile; fileRef = C72B6A512174B10600A62AA8 /* stop.png */; };
		C72B6A5A2174B10600A62AA8 /* dash1.png in Resources */ = {isa = PBXBuildFile; fileRef = C72B6A522174B10600A62AA8 /* dash1.png */; };
		C72B6A5B2174B10600A62AA8 /* dash2.png in Resources */ = {isa = PBXBuildFile; fileRef = C72B6A532174B10600A62AA8 /* dash2.png */; };
/* End PBXBuildFile section */

/* Begin PBXFileReference section */
		C72B6A372174AE3B00A62AA8 /* Swift4Manga.app */ = {isa = PBXFileReference; explicitFileType = wrapper.application; includeInIndex = 0; path = Swift4Manga.app; sourceTree = BUILT_PRODUCTS_DIR; };
		C72B6A3A2174AE3B00A62AA8 /* AppDelegate.swift */ = {isa = PBXFileReference; lastKnownFileType = sourcecode.swift; path = AppDelegate.swift; sourceTree = "<group>"; };
		C72B6A3C2174AE3B00A62AA8 /* ViewController.swift */ = {isa = PBXFileReference; lastKnownFileType = sourcecode.swift; path = ViewController.swift; sourceTree = "<group>"; };
		C72B6A3F2174AE3B00A62AA8 /* Base */ = {isa = PBXFileReference; lastKnownFileType = file.storyboard; name = Base; path = Base.lproj/Main.storyboard; sourceTree = "<group>"; };
		C72B6A412174AE3C00A62AA8 /* Assets.xcassets */ = {isa = PBXFileReference; lastKnownFileType = folder.assetcatalog; path = Assets.xcassets; sourceTree = "<group>"; };
		C72B6A442174AE3C00A62AA8 /* Base */ = {isa = PBXFileReference; lastKnownFileType = file.storyboard; name = Base; path = Base.lproj/LaunchScreen.storyboard; sourceTree = "<group>"; };
		C72B6A462174AE3C00A62AA8 /* Info.plist */ = {isa = PBXFileReference; lastKnownFileType = text.plist.xml; path = Info.plist; sourceTree = "<group>"; };
		C72B6A4C2174B10600A62AA8 /* dash3.png */ = {isa = PBXFileReference; lastKnownFileType = image.png; path = dash3.png; sourceTree = "<group>"; };
		C72B6A4D2174B10600A62AA8 /* dash4.png */ = {isa = PBXFileReference; lastKnownFileType = image.png; path = dash4.png; sourceTree = "<group>"; };
		C72B6A4E2174B10600A62AA8 /* dash0.png */ = {isa = PBXFileReference; lastKnownFileType = image.png; path = dash0.png; sourceTree = "<group>"; };
		C72B6A4F2174B10600A62AA8 /* dash5.png */ = {isa = PBXFileReference; lastKnownFileType = image.png; path = dash5.png; sourceTree = "<group>"; };
		C72B6A502174B10600A62AA8 /* start.png */ = {isa = PBXFileReference; lastKnownFileType = image.png; path = start.png; sourceTree = "<group>"; };
		C72B6A512174B10600A62AA8 /* stop.png */ = {isa = PBXFileReference; lastKnownFileType = image.png; path = stop.png; sourceTree = "<group>"; };
		C72B6A522174B10600A62AA8 /* dash1.png */ = {isa = PBXFileReference; lastKnownFileType = image.png; path = dash1.png; sourceTree = "<group>"; };
		C72B6A532174B10600A62AA8 /* dash2.png */ = {isa = PBXFileReference; lastKnownFileType = image.png; path = dash2.png; sourceTree = "<group>"; };
/* End PBXFileReference section */

/* Begin PBXFrameworksBuildPhase section */
		C72B6A342174AE3B00A62AA8 /* Frameworks */ = {
			isa = PBXFrameworksBuildPhase;
			buildActionMask = 2147483647;
			files = (
			);
			runOnlyForDeploymentPostprocessing = 0;
		};
/* End PBXFrameworksBuildPhase section */

/* Begin PBXGroup section */
		C72B6A2E2174AE3B00A62AA8 = {
			isa = PBXGroup;
			children = (
				C72B6A392174AE3B00A62AA8 /* Swift4Manga */,
				C72B6A382174AE3B00A62AA8 /* Products */,
			);
			sourceTree = "<group>";
		};
		C72B6A382174AE3B00A62AA8 /* Products */ = {
			isa = PBXGroup;
			children = (
				C72B6A372174AE3B00A62AA8 /* Swift4Manga.app */,
			);
			name = Products;
			sourceTree = "<group>";
		};
		C72B6A392174AE3B00A62AA8 /* Swift4Manga */ = {
			isa = PBXGroup;
			children = (
				C72B6A4E2174B10600A62AA8 /* dash0.png */,
				C72B6A522174B10600A62AA8 /* dash1.png */,
				C72B6A532174B10600A62AA8 /* dash2.png */,
				C72B6A4C2174B10600A62AA8 /* dash3.png */,
				C72B6A4D2174B10600A62AA8 /* dash4.png */,
				C72B6A4F2174B10600A62AA8 /* dash5.png */,
				C72B6A502174B10600A62AA8 /* start.png */,
				C72B6A512174B10600A62AA8 /* stop.png */,
				C72B6A3A2174AE3B00A62AA8 /* AppDelegate.swift */,
				C72B6A3C2174AE3B00A62AA8 /* ViewController.swift */,
				C72B6A3E2174AE3B00A62AA8 /* Main.storyboard */,
				C72B6A412174AE3C00A62AA8 /* Assets.xcassets */,
				C72B6A432174AE3C00A62AA8 /* LaunchScreen.storyboard */,
				C72B6A462174AE3C00A62AA8 /* Info.plist */,
			);
			path = Swift4Manga;
			sourceTree = "<group>";
		};
/* End PBXGroup section */

/* Begin PBXNativeTarget section */
		C72B6A362174AE3B00A62AA8 /* Swift4Manga */ = {
			isa = PBXNativeTarget;
			buildConfigurationList = C72B6A492174AE3C00A62AA8 /* Build configuration list for PBXNativeTarget "Swift4Manga" */;
			buildPhases = (
				C72B6A332174AE3B00A62AA8 /* Sources */,
				C72B6A342174AE3B00A62AA8 /* Frameworks */,
				C72B6A352174AE3B00A62AA8 /* Resources */,
			);
			buildRules = (
			);
			dependencies = (
			);
			name = Swift4Manga;
			productName = Swift4Manga;
			productReference = C72B6A372174AE3B00A62AA8 /* Swift4Manga.app */;
			productType = "com.apple.product-type.application";
		};
/* End PBXNativeTarget section */

/* Begin PBXProject section */
		C72B6A2F2174AE3B00A62AA8 /* Project object */ = {
			isa = PBXProject;
			attributes = {
				LastSwiftUpdateCheck = 1000;
				LastUpgradeCheck = 1000;
				ORGANIZATIONNAME = "daichi okazaki";
				TargetAttributes = {
					C72B6A362174AE3B00A62AA8 = {
						CreatedOnToolsVersion = 10.0;
					};
				};
			};
			buildConfigurationList = C72B6A322174AE3B00A62AA8 /* Build configuration list for PBXProject "Swift4Manga" */;
			compatibilityVersion = "Xcode 9.3";
			developmentRegion = en;
			hasScannedForEncodings = 0;
			knownRegions = (
				en,
				Base,
			);
			mainGroup = C72B6A2E2174AE3B00A62AA8;
			productRefGroup = C72B6A382174AE3B00A62AA8 /* Products */;
			projectDirPath = "";
			projectRoot = "";
			targets = (
				C72B6A362174AE3B00A62AA8 /* Swift4Manga */,
			);
		};
/* End PBXProject section */

/* Begin PBXResourcesBuildPhase section */
		C72B6A352174AE3B00A62AA8 /* Resources */ = {
			isa = PBXResourcesBuildPhase;
			buildActionMask = 2147483647;
			files = (
				C72B6A452174AE3C00A62AA8 /* LaunchScreen.storyboard in Resources */,
				C72B6A422174AE3C00A62AA8 /* Assets.xcassets in Resources */,
				C72B6A592174B10600A62AA8 /* stop.png in Resources */,
				C72B6A582174B10600A62AA8 /* start.png in Resources */,
				C72B6A402174AE3B00A62AA8 /* Main.storyboard in Resources */,
				C72B6A552174B10600A62AA8 /* dash4.png in Resources */,
				C72B6A562174B10600A62AA8 /* dash0.png in Resources */,
				C72B6A572174B10600A62AA8 /* dash5.png in Resources */,
				C72B6A542174B10600A62AA8 /* dash3.png in Resources */,
				C72B6A5B2174B10600A62AA8 /* dash2.png in Resources */,
				C72B6A5A2174B10600A62AA8 /* dash1.png in Resources */,
			);
			runOnlyForDeploymentPostprocessing = 0;
		};
/* End PBXResourcesBuildPhase section */

/* Begin PBXSourcesBuildPhase section */
		C72B6A332174AE3B00A62AA8 /* Sources */ = {
			isa = PBXSourcesBuildPhase;
			buildActionMask = 2147483647;
			files = (
				C72B6A3D2174AE3B00A62AA8 /* ViewController.swift in Sources */,
				C72B6A3B2174AE3B00A62AA8 /* AppDelegate.swift in Sources */,
			);
			runOnlyForDeploymentPostprocessing = 0;
		};
/* End PBXSourcesBuildPhase section */

/* Begin PBXVariantGroup section */
		C72B6A3E2174AE3B00A62AA8 /* Main.storyboard */ = {
			isa = PBXVariantGroup;
			children = (
				C72B6A3F2174AE3B00A62AA8 /* Base */,
			);
			name = Main.storyboard;
			sourceTree = "<group>";
		};
		C72B6A432174AE3C00A62AA8 /* LaunchScreen.storyboard */ = {
			isa = PBXVariantGroup;
			children = (
				C72B6A442174AE3C00A62AA8 /* Base */,
			);
			name = LaunchScreen.storyboard;
			sourceTree = "<group>";
		};
/* End PBXVariantGroup section */

/* Begin XCBuildConfiguration section */
		C72B6A472174AE3C00A62AA8 /* Debug */ = {
			isa = XCBuildConfiguration;
			buildSettings = {
				ALWAYS_SEARCH_USER_PATHS = NO;
				CLANG_ANALYZER_NONNULL = YES;
				CLANG_ANALYZER_NUMBER_OBJECT_CONVERSION = YES_AGGRESSIVE;
				CLANG_CXX_LANGUAGE_STANDARD = "gnu++14";
				CLANG_CXX_LIBRARY = "libc++";
				CLANG_ENABLE_MODULES = YES;
				CLANG_ENABLE_OBJC_ARC = YES;
				CLANG_ENABLE_OBJC_WEAK = YES;
				CLANG_WARN_BLOCK_CAPTURE_AUTORELEASING = YES;
				CLANG_WARN_BOOL_CONVERSION = YES;
				CLANG_WARN_COMMA = YES;
				CLANG_WARN_CONSTANT_CONVERSION = YES;
				CLANG_WARN_DEPRECATED_OBJC_IMPLEMENTATIONS = YES;
				CLANG_WARN_DIRECT_OBJC_ISA_USAGE = YES_ERROR;
				CLANG_WARN_DOCUMENTATION_COMMENTS = YES;
				CLANG_WARN_EMPTY_BODY = YES;
				CLANG_WARN_ENUM_CONVERSION = YES;
				CLANG_WARN_INFINITE_RECURSION = YES;
				CLANG_WARN_INT_CONVERSION = YES;
				CLANG_WARN_NON_LITERAL_NULL_CONVERSION = YES;
				CLANG_WARN_OBJC_IMPLICIT_RETAIN_SELF = YES;
				CLANG_WARN_OBJC_LITERAL_CONVERSION = YES;
				CLANG_WARN_OBJC_ROOT_CLASS = YES_ERROR;
				CLANG_WARN_RANGE_LOOP_ANALYSIS = YES;
				CLANG_WARN_STRICT_PROTOTYPES = YES;
				CLANG_WARN_SUSPICIOUS_MOVE = YES;
				CLANG_WARN_UNGUARDED_AVAILABILITY = YES_AGGRESSIVE;
				CLANG_WARN_UNREACHABLE_CODE = YES;
				CLANG_WARN__DUPLICATE_METHOD_MATCH = YES;
				CODE_SIGN_IDENTITY = "iPhone Developer";
				COPY_PHASE_STRIP = NO;
				DEBUG_INFORMATION_FORMAT = dwarf;
				ENABLE_STRICT_OBJC_MSGSEND = YES;
				ENABLE_TESTABILITY = YES;
				GCC_C_LANGUAGE_STANDARD = gnu11;
				GCC_DYNAMIC_NO_PIC = NO;
				GCC_NO_COMMON_BLOCKS = YES;
				GCC_OPTIMIZATION_LEVEL = 0;
				GCC_PREPROCESSOR_DEFINITIONS = (
					"DEBUG=1",
					"$(inherited)",
				);
				GCC_WARN_64_TO_32_BIT_CONVERSION = YES;
				GCC_WARN_ABOUT_RETURN_TYPE = YES_ERROR;
				GCC_WARN_UNDECLARED_SELECTOR = YES;
				GCC_WARN_UNINITIALIZED_AUTOS = YES_AGGRESSIVE;
				GCC_WARN_UNUSED_FUNCTION = YES;
				GCC_WARN_UNUSED_VARIABLE = YES;
				IPHONEOS_DEPLOYMENT_TARGET = 12.0;
				MTL_ENABLE_DEBUG_INFO = INCLUDE_SOURCE;
				MTL_FAST_MATH = YES;
				ONLY_ACTIVE_ARCH = YES;
				SDKROOT = iphoneos;
				SWIFT_ACTIVE_COMPILATION_CONDITIONS = DEBUG;
				SWIFT_OPTIMIZATION_LEVEL = "-Onone";
			};
			name = Debug;
		};
		C72B6A482174AE3C00A62AA8 /* Release */ = {
			isa = XCBuildConfiguration;
			buildSettings = {
				ALWAYS_SEARCH_USER_PATHS = NO;
				CLANG_ANALYZER_NONNULL = YES;
				CLANG_ANALYZER_NUMBER_OBJECT_CONVERSION = YES_AGGRESSIVE;
				CLANG_CXX_LANGUAGE_STANDARD = "gnu++14";
				CLANG_CXX_LIBRARY = "libc++";
				CLANG_ENABLE_MODULES = YES;
				CLANG_ENABLE_OBJC_ARC = YES;
				CLANG_ENABLE_OBJC_WEAK = YES;
				CLANG_WARN_BLOCK_CAPTURE_AUTORELEASING = YES;
				CLANG_WARN_BOOL_CONVERSION = YES;
				CLANG_WARN_COMMA = YES;
				CLANG_WARN_CONSTANT_CONVERSION = YES;
				CLANG_WARN_DEPRECATED_OBJC_IMPLEMENTATIONS = YES;
				CLANG_WARN_DIRECT_OBJC_ISA_USAGE = YES_ERROR;
				CLANG_WARN_DOCUMENTATION_COMMENTS = YES;
				CLANG_WARN_EMPTY_BODY = YES;
				CLANG_WARN_ENUM_CONVERSION = YES;
				CLANG_WARN_INFINITE_RECURSION = YES;
				CLANG_WARN_INT_CONVERSION = YES;
				CLANG_WARN_NON_LITERAL_NULL_CONVERSION = YES;
				CLANG_WARN_OBJC_IMPLICIT_RETAIN_SELF = YES;
				CLANG_WARN_OBJC_LITERAL_CONVERSION = YES;
				CLANG_WARN_OBJC_ROOT_CLASS = YES_ERROR;
				CLANG_WARN_RANGE_LOOP_ANALYSIS = YES;
				CLANG_WARN_STRICT_PROTOTYPES = YES;
				CLANG_WARN_SUSPICIOUS_MOVE = YES;
				CLANG_WARN_UNGUARDED_AVAILABILITY = YES_AGGRESSIVE;
				CLANG_WARN_UNREACHABLE_CODE = YES;
				CLANG_WARN__DUPLICATE_METHOD_MATCH = YES;
				CODE_SIGN_IDENTITY = "iPhone Developer";
				COPY_PHASE_STRIP = NO;
				DEBUG_INFORMATION_FORMAT = "dwarf-with-dsym";
				ENABLE_NS_ASSERTIONS = NO;
				ENABLE_STRICT_OBJC_MSGSEND = YES;
				GCC_C_LANGUAGE_STANDARD = gnu11;
				GCC_NO_COMMON_BLOCKS = YES;
				GCC_WARN_64_TO_32_BIT_CONVERSION = YES;
				GCC_WARN_ABOUT_RETURN_TYPE = YES_ERROR;
				GCC_WARN_UNDECLARED_SELECTOR = YES;
				GCC_WARN_UNINITIALIZED_AUTOS = YES_AGGRESSIVE;
				GCC_WARN_UNUSED_FUNCTION = YES;
				GCC_WARN_UNUSED_VARIABLE = YES;
				IPHONEOS_DEPLOYMENT_TARGET = 12.0;
				MTL_ENABLE_DEBUG_INFO = NO;
				MTL_FAST_MATH = YES;
				SDKROOT = iphoneos;
				SWIFT_COMPILATION_MODE = wholemodule;
				SWIFT_OPTIMIZATION_LEVEL = "-O";
				VALIDATE_PRODUCT = YES;
			};
			name = Release;
		};
		C72B6A4A2174AE3C00A62AA8 /* Debug */ = {
			isa = XCBuildConfiguration;
			buildSettings = {
				ASSETCATALOG_COMPILER_APPICON_NAME = AppIcon;
				CODE_SIGN_STYLE = Automatic;
				DEVELOPMENT_TEAM = 4Q9G92XB87;
				INFOPLIST_FILE = Swift4Manga/Info.plist;
				LD_RUNPATH_SEARCH_PATHS = (
					"$(inherited)",
					"@executable_path/Frameworks",
				);
				PRODUCT_BUNDLE_IDENTIFIER = com.daichi.Swift4Manga;
				PRODUCT_NAME = "$(TARGET_NAME)";
				SWIFT_VERSION = 4.2;
				TARGETED_DEVICE_FAMILY = "1,2";
			};
			name = Debug;
		};
		C72B6A4B2174AE3C00A62AA8 /* Release */ = {
			isa = XCBuildConfiguration;
			buildSettings = {
				ASSETCATALOG_COMPILER_APPICON_NAME = AppIcon;
				CODE_SIGN_STYLE = Automatic;
				DEVELOPMENT_TEAM = 4Q9G92XB87;
				INFOPLIST_FILE = Swift4Manga/Info.plist;
				LD_RUNPATH_SEARCH_PATHS = (
					"$(inherited)",
					"@executable_path/Frameworks",
				);
				PRODUCT_BUNDLE_IDENTIFIER = com.daichi.Swift4Manga;
				PRODUCT_NAME = "$(TARGET_NAME)";
				SWIFT_VERSION = 4.2;
				TARGETED_DEVICE_FAMILY = "1,2";
			};
			name = Release;
		};
/* End XCBuildConfiguration section */

/* Begin XCConfigurationList section */
		C72B6A322174AE3B00A62AA8 /* Build configuration list for PBXProject "Swift4Manga" */ = {
			isa = XCConfigurationList;
			buildConfigurations = (
				C72B6A472174AE3C00A62AA8 /* Debug */,
				C72B6A482174AE3C00A62AA8 /* Release */,
			);
			defaultConfigurationIsVisible = 0;
			defaultConfigurationName = Release;
		};
		C72B6A492174AE3C00A62AA8 /* Build configuration list for PBXNativeTarget "Swift4Manga" */ = {
			isa = XCConfigurationList;
			buildConfigurations = (
				C72B6A4A2174AE3C00A62AA8 /* Debug */,
				C72B6A4B2174AE3C00A62AA8 /* Release */,
			);
			defaultConfigurationIsVisible = 0;
			defaultConfigurationName = Release;
		};
/* End XCConfigurationList section */
	};
	rootObject = C72B6A2F2174AE3B00A62AA8 /* Project object */;
}
